
Microsoft Visual Studio Solution File, Format Version 12.00
# Visual Studio Version 16
VisualStudioVersion = 16.0.31129.286
MinimumVisualStudioVersion = 10.0.40219.1
Project("{FAE04EC0-301F-11D3-BF4B-00C04F79EFBC}") = "Infinite War", "Infinite War\Infinite War.csproj", "{3EB2E69B-6814-40F7-A85C-B8ADB8EFFAEB}"
EndProject
Global
	GlobalSection(SolutionConfigurationPlatforms) = preSolution
		Debug|Any CPU = Debug|Any CPU
		Release|Any CPU = Release|Any CPU
	EndGlobalSection
	GlobalSection(ProjectConfigurationPlatforms) = postSolution
		{3EB2E69B-6814-40F7-A85C-B8ADB8EFFAEB}.Debug|Any CPU.ActiveCfg = Debug|Any CPU
		{3EB2E69B-6814-40F7-A85C-B8ADB8EFFAEB}.Debug|Any CPU.Build.0 = Debug|Any CPU
		{3EB2E69B-6814-40F7-A85C-B8ADB8EFFAEB}.Release|Any CPU.ActiveCfg = Release|Any CPU
		{3EB2E69B-6814-40F7-A85C-B8ADB8EFFAEB}.Release|Any CPU.Build.0 = Release|Any CPU
	EndGlobalSection
	GlobalSection(SolutionProperties) = preSolution
		HideSolutionNode = FALSE
	EndGlobalSection
	GlobalSection(ExtensibilityGlobals) = postSolution
		SolutionGuid = {83D083A2-DBE8-4744-9120-D81DC304428B}
	EndGlobalSection
EndGlobal
